
Microsoft Visual Studio Solution File, Format Version 12.00
# Visual Studio Version 17
VisualStudioVersion = 17.8.34309.116
MinimumVisualStudioVersion = 10.0.40219.1
Project("{9A19103F-16F7-4668-BE54-9A1E7A4F7556}") = "WorkItemEstimation.AzureFunction", "WorkItemEstimation.AzureFunction\WorkItemEstimation.AzureFunction.csproj", "{46A3AEF2-B486-446F-8EC7-2A174FE7A598}"
EndProject
Global
	GlobalSection(SolutionConfigurationPlatforms) = preSolution
		Debug|Any CPU = Debug|Any CPU
		Release|Any CPU = Release|Any CPU
	EndGlobalSection
	GlobalSection(ProjectConfigurationPlatforms) = postSolution
		{46A3AEF2-B486-446F-8EC7-2A174FE7A598}.Debug|Any CPU.ActiveCfg = Debug|Any CPU
		{46A3AEF2-B486-446F-8EC7-2A174FE7A598}.Debug|Any CPU.Build.0 = Debug|Any CPU
		{46A3AEF2-B486-446F-8EC7-2A174FE7A598}.Release|Any CPU.ActiveCfg = Release|Any CPU
		{46A3AEF2-B486-446F-8EC7-2A174FE7A598}.Release|Any CPU.Build.0 = Release|Any CPU
	EndGlobalSection
	GlobalSection(SolutionProperties) = preSolution
		HideSolutionNode = FALSE
	EndGlobalSection
	GlobalSection(ExtensibilityGlobals) = postSolution
		SolutionGuid = {864B2B5E-85C8-4114-ADFE-33029815C857}
	EndGlobalSection
EndGlobal
